// !$*UTF8*$!
{
	archiveVersion = 1;
	classes = {
	};
	objectVersion = 50;
	objects = {

/* Begin PBXBuildFile section */
		6CB590DE23D0BEEB001016D4 /* AppDelegate.swift in Sources */ = {isa = PBXBuildFile; fileRef = 6CB590DD23D0BEEB001016D4 /* AppDelegate.swift */; };
		6CB590E023D0BEEB001016D4 /* SceneDelegate.swift in Sources */ = {isa = PBXBuildFile; fileRef = 6CB590DF23D0BEEB001016D4 /* SceneDelegate.swift */; };
		6CB590E223D0BEEB001016D4 /* ViewController.swift in Sources */ = {isa = PBXBuildFile; fileRef = 6CB590E123D0BEEB001016D4 /* ViewController.swift */; };
		6CB590E523D0BEEB001016D4 /* Main.storyboard in Resources */ = {isa = PBXBuildFile; fileRef = 6CB590E323D0BEEB001016D4 /* Main.storyboard */; };
		6CB590E723D0BEEE001016D4 /* Assets.xcassets in Resources */ = {isa = PBXBuildFile; fileRef = 6CB590E623D0BEEE001016D4 /* Assets.xcassets */; };
		6CB590EA23D0BEEE001016D4 /* LaunchScreen.storyboard in Resources */ = {isa = PBXBuildFile; fileRef = 6CB590E823D0BEEE001016D4 /* LaunchScreen.storyboard */; };
		6CB590F523D0BEEE001016D4 /* TipCalculatorTests.swift in Sources */ = {isa = PBXBuildFile; fileRef = 6CB590F423D0BEEE001016D4 /* TipCalculatorTests.swift */; };
		6CB5910023D0BEEE001016D4 /* TipCalculatorUITests.swift in Sources */ = {isa = PBXBuildFile; fileRef = 6CB590FF23D0BEEE001016D4 /* TipCalculatorUITests.swift */; };
/* End PBXBuildFile section */

/* Begin PBXContainerItemProxy section */
		6CB590F123D0BEEE001016D4 /* PBXContainerItemProxy */ = {
			isa = PBXContainerItemProxy;
			containerPortal = 6CB590D223D0BEEB001016D4 /* Project object */;
			proxyType = 1;
			remoteGlobalIDString = 6CB590D923D0BEEB001016D4;
			remoteInfo = TipCalculator;
		};
		6CB590FC23D0BEEE001016D4 /* PBXContainerItemProxy */ = {
			isa = PBXContainerItemProxy;
			containerPortal = 6CB590D223D0BEEB001016D4 /* Project object */;
			proxyType = 1;
			remoteGlobalIDString = 6CB590D923D0BEEB001016D4;
			remoteInfo = TipCalculator;
		};
/* End PBXContainerItemProxy section */

/* Begin PBXFileReference section */
		6CB590DA23D0BEEB001016D4 /* TipCalculator.app */ = {isa = PBXFileReference; explicitFileType = wrapper.application; includeInIndex = 0; path = TipCalculator.app; sourceTree = BUILT_PRODUCTS_DIR; };
		6CB590DD23D0BEEB001016D4 /* AppDelegate.swift */ = {isa = PBXFileReference; lastKnownFileType = sourcecode.swift; path = AppDelegate.swift; sourceTree = "<group>"; };
		6CB590DF23D0BEEB001016D4 /* SceneDelegate.swift */ = {isa = PBXFileReference; lastKnownFileType = sourcecode.swift; path = SceneDelegate.swift; sourceTree = "<group>"; };
		6CB590E123D0BEEB001016D4 /* ViewController.swift */ = {isa = PBXFileReference; lastKnownFileType = sourcecode.swift; path = ViewController.swift; sourceTree = "<group>"; };
		6CB590E423D0BEEB001016D4 /* Base */ = {isa = PBXFileReference; lastKnownFileType = file.storyboard; name = Base; path = Base.lproj/Main.storyboard; sourceTree = "<group>"; };
		6CB590E623D0BEEE001016D4 /* Assets.xcassets */ = {isa = PBXFileReference; lastKnownFileType = folder.assetcatalog; path = Assets.xcassets; sourceTree = "<group>"; };
		6CB590E923D0BEEE001016D4 /* Base */ = {isa = PBXFileReference; lastKnownFileType = file.storyboard; name = Base; path = Base.lproj/LaunchScreen.storyboard; sourceTree = "<group>"; };
		6CB590EB23D0BEEE001016D4 /* Info.plist */ = {isa = PBXFileReference; lastKnownFileType = text.plist.xml; path = Info.plist; sourceTree = "<group>"; };
		6CB590F023D0BEEE001016D4 /* TipCalculatorTests.xctest */ = {isa = PBXFileReference; explicitFileType = wrapper.cfbundle; includeInIndex = 0; path = TipCalculatorTests.xctest; sourceTree = BUILT_PRODUCTS_DIR; };
		6CB590F423D0BEEE001016D4 /* TipCalculatorTests.swift */ = {isa = PBXFileReference; lastKnownFileType = sourcecode.swift; path = TipCalculatorTests.swift; sourceTree = "<group>"; };
		6CB590F623D0BEEE001016D4 /* Info.plist */ = {isa = PBXFileReference; lastKnownFileType = text.plist.xml; path = Info.plist; sourceTree = "<group>"; };
		6CB590FB23D0BEEE001016D4 /* TipCalculatorUITests.xctest */ = {isa = PBXFileReference; explicitFileType = wrapper.cfbundle; includeInIndex = 0; path = TipCalculatorUITests.xctest; sourceTree = BUILT_PRODUCTS_DIR; };
		6CB590FF23D0BEEE001016D4 /* TipCalculatorUITests.swift */ = {isa = PBXFileReference; lastKnownFileType = sourcecode.swift; path = TipCalculatorUITests.swift; sourceTree = "<group>"; };
		6CB5910123D0BEEE001016D4 /* Info.plist */ = {isa = PBXFileReference; lastKnownFileType = text.plist.xml; path = Info.plist; sourceTree = "<group>"; };
/* End PBXFileReference section */

/* Begin PBXFrameworksBuildPhase section */
		6CB590D723D0BEEB001016D4 /* Frameworks */ = {
			isa = PBXFrameworksBuildPhase;
			buildActionMask = 2147483647;
			files = (
			);
			runOnlyForDeploymentPostprocessing = 0;
		};
		6CB590ED23D0BEEE001016D4 /* Frameworks */ = {
			isa = PBXFrameworksBuildPhase;
			buildActionMask = 2147483647;
			files = (
			);
			runOnlyForDeploymentPostprocessing = 0;
		};
		6CB590F823D0BEEE001016D4 /* Frameworks */ = {
			isa = PBXFrameworksBuildPhase;
			buildActionMask = 2147483647;
			files = (
			);
			runOnlyForDeploymentPostprocessing = 0;
		};
/* End PBXFrameworksBuildPhase section */

/* Begin PBXGroup section */
		6CB590D123D0BEEB001016D4 = {
			isa = PBXGroup;
			children = (
				6CB590DC23D0BEEB001016D4 /* TipCalculator */,
				6CB590F323D0BEEE001016D4 /* TipCalculatorTests */,
				6CB590FE23D0BEEE001016D4 /* TipCalculatorUITests */,
				6CB590DB23D0BEEB001016D4 /* Products */,
			);
			sourceTree = "<group>";
		};
		6CB590DB23D0BEEB001016D4 /* Products */ = {
			isa = PBXGroup;
			children = (
				6CB590DA23D0BEEB001016D4 /* TipCalculator.app */,
				6CB590F023D0BEEE001016D4 /* TipCalculatorTests.xctest */,
				6CB590FB23D0BEEE001016D4 /* TipCalculatorUITests.xctest */,
			);
			name = Products;
			sourceTree = "<group>";
		};
		6CB590DC23D0BEEB001016D4 /* TipCalculator */ = {
			isa = PBXGroup;
			children = (
				6CB590DD23D0BEEB001016D4 /* AppDelegate.swift */,
				6CB590DF23D0BEEB001016D4 /* SceneDelegate.swift */,
				6CB590E123D0BEEB001016D4 /* ViewController.swift */,
				6CB590E323D0BEEB001016D4 /* Main.storyboard */,
				6CB590E623D0BEEE001016D4 /* Assets.xcassets */,
				6CB590E823D0BEEE001016D4 /* LaunchScreen.storyboard */,
				6CB590EB23D0BEEE001016D4 /* Info.plist */,
			);
			path = TipCalculator;
			sourceTree = "<group>";
		};
		6CB590F323D0BEEE001016D4 /* TipCalculatorTests */ = {
			isa = PBXGroup;
			children = (
				6CB590F423D0BEEE001016D4 /* TipCalculatorTests.swift */,
				6CB590F623D0BEEE001016D4 /* Info.plist */,
			);
			path = TipCalculatorTests;
			sourceTree = "<group>";
		};
		6CB590FE23D0BEEE001016D4 /* TipCalculatorUITests */ = {
			isa = PBXGroup;
			children = (
				6CB590FF23D0BEEE001016D4 /* TipCalculatorUITests.swift */,
				6CB5910123D0BEEE001016D4 /* Info.plist */,
			);
			path = TipCalculatorUITests;
			sourceTree = "<group>";
		};
/* End PBXGroup section */

/* Begin PBXNativeTarget section */
		6CB590D923D0BEEB001016D4 /* TipCalculator */ = {
			isa = PBXNativeTarget;
			buildConfigurationList = 6CB5910423D0BEEE001016D4 /* Build configuration list for PBXNativeTarget "TipCalculator" */;
			buildPhases = (
				6CB590D623D0BEEB001016D4 /* Sources */,
				6CB590D723D0BEEB001016D4 /* Frameworks */,
				6CB590D823D0BEEB001016D4 /* Resources */,
			);
			buildRules = (
			);
			dependencies = (
			);
			name = TipCalculator;
			productName = TipCalculator;
			productReference = 6CB590DA23D0BEEB001016D4 /* TipCalculator.app */;
			productType = "com.apple.product-type.application";
		};
		6CB590EF23D0BEEE001016D4 /* TipCalculatorTests */ = {
			isa = PBXNativeTarget;
			buildConfigurationList = 6CB5910723D0BEEE001016D4 /* Build configuration list for PBXNativeTarget "TipCalculatorTests" */;
			buildPhases = (
				6CB590EC23D0BEEE001016D4 /* Sources */,
				6CB590ED23D0BEEE001016D4 /* Frameworks */,
				6CB590EE23D0BEEE001016D4 /* Resources */,
			);
			buildRules = (
			);
			dependencies = (
				6CB590F223D0BEEE001016D4 /* PBXTargetDependency */,
			);
			name = TipCalculatorTests;
			productName = TipCalculatorTests;
			productReference = 6CB590F023D0BEEE001016D4 /* TipCalculatorTests.xctest */;
			productType = "com.apple.product-type.bundle.unit-test";
		};
		6CB590FA23D0BEEE001016D4 /* TipCalculatorUITests */ = {
			isa = PBXNativeTarget;
			buildConfigurationList = 6CB5910A23D0BEEE001016D4 /* Build configuration list for PBXNativeTarget "TipCalculatorUITests" */;
			buildPhases = (
				6CB590F723D0BEEE001016D4 /* Sources */,
				6CB590F823D0BEEE001016D4 /* Frameworks */,
				6CB590F923D0BEEE001016D4 /* Resources */,
			);
			buildRules = (
			);
			dependencies = (
				6CB590FD23D0BEEE001016D4 /* PBXTargetDependency */,
			);
			name = TipCalculatorUITests;
			productName = TipCalculatorUITests;
			productReference = 6CB590FB23D0BEEE001016D4 /* TipCalculatorUITests.xctest */;
			productType = "com.apple.product-type.bundle.ui-testing";
		};
/* End PBXNativeTarget section */

/* Begin PBXProject section */
		6CB590D223D0BEEB001016D4 /* Project object */ = {
			isa = PBXProject;
			attributes = {
				LastSwiftUpdateCheck = 1130;
				LastUpgradeCheck = 1130;
				ORGANIZATIONNAME = "Malon Holmes";
				TargetAttributes = {
					6CB590D923D0BEEB001016D4 = {
						CreatedOnToolsVersion = 11.3.1;
					};
					6CB590EF23D0BEEE001016D4 = {
						CreatedOnToolsVersion = 11.3.1;
						TestTargetID = 6CB590D923D0BEEB001016D4;
					};
					6CB590FA23D0BEEE001016D4 = {
						CreatedOnToolsVersion = 11.3.1;
						TestTargetID = 6CB590D923D0BEEB001016D4;
					};
				};
			};
			buildConfigurationList = 6CB590D523D0BEEB001016D4 /* Build configuration list for PBXProject "TipCalculator" */;
			compatibilityVersion = "Xcode 9.3";
			developmentRegion = en;
			hasScannedForEncodings = 0;
			knownRegions = (
				en,
				Base,
			);
			mainGroup = 6CB590D123D0BEEB001016D4;
			productRefGroup = 6CB590DB23D0BEEB001016D4 /* Products */;
			projectDirPath = "";
			projectRoot = "";
			targets = (
				6CB590D923D0BEEB001016D4 /* TipCalculator */,
				6CB590EF23D0BEEE001016D4 /* TipCalculatorTests */,
				6CB590FA23D0BEEE001016D4 /* TipCalculatorUITests */,
			);
		};
/* End PBXProject section */

/* Begin PBXResourcesBuildPhase section */
		6CB590D823D0BEEB001016D4 /* Resources */ = {
			isa = PBXResourcesBuildPhase;
			buildActionMask = 2147483647;
			files = (
				6CB590EA23D0BEEE001016D4 /* LaunchScreen.storyboard in Resources */,
				6CB590E723D0BEEE001016D4 /* Assets.xcassets in Resources */,
				6CB590E523D0BEEB001016D4 /* Main.storyboard in Resources */,
			);
			runOnlyForDeploymentPostprocessing = 0;
		};
		6CB590EE23D0BEEE001016D4 /* Resources */ = {
			isa = PBXResourcesBuildPhase;
			buildActionMask = 2147483647;
			files = (
			);
			runOnlyForDeploymentPostprocessing = 0;
		};
		6CB590F923D0BEEE001016D4 /* Resources */ = {
			isa = PBXResourcesBuildPhase;
			buildActionMask = 2147483647;
			files = (
			);
			runOnlyForDeploymentPostprocessing = 0;
		};
/* End PBXResourcesBuildPhase section */

/* Begin PBXSourcesBuildPhase section */
		6CB590D623D0BEEB001016D4 /* Sources */ = {
			isa = PBXSourcesBuildPhase;
			buildActionMask = 2147483647;
			files = (
				6CB590E223D0BEEB001016D4 /* ViewController.swift in Sources */,
				6CB590DE23D0BEEB001016D4 /* AppDelegate.swift in Sources */,
				6CB590E023D0BEEB001016D4 /* SceneDelegate.swift in Sources */,
			);
			runOnlyForDeploymentPostprocessing = 0;
		};
		6CB590EC23D0BEEE001016D4 /* Sources */ = {
			isa = PBXSourcesBuildPhase;
			buildActionMask = 2147483647;
			files = (
				6CB590F523D0BEEE001016D4 /* TipCalculatorTests.swift in Sources */,
			);
			runOnlyForDeploymentPostprocessing = 0;
		};
		6CB590F723D0BEEE001016D4 /* Sources */ = {
			isa = PBXSourcesBuildPhase;
			buildActionMask = 2147483647;
			files = (
				6CB5910023D0BEEE001016D4 /* TipCalculatorUITests.swift in Sources */,
			);
			runOnlyForDeploymentPostprocessing = 0;
		};
/* End PBXSourcesBuildPhase section */

/* Begin PBXTargetDependency section */
		6CB590F223D0BEEE001016D4 /* PBXTargetDependency */ = {
			isa = PBXTargetDependency;
			target = 6CB590D923D0BEEB001016D4 /* TipCalculator */;
			targetProxy = 6CB590F123D0BEEE001016D4 /* PBXContainerItemProxy */;
		};
		6CB590FD23D0BEEE001016D4 /* PBXTargetDependency */ = {
			isa = PBXTargetDependency;
			target = 6CB590D923D0BEEB001016D4 /* TipCalculator */;
			targetProxy = 6CB590FC23D0BEEE001016D4 /* PBXContainerItemProxy */;
		};
/* End PBXTargetDependency section */

/* Begin PBXVariantGroup section */
		6CB590E323D0BEEB001016D4 /* Main.storyboard */ = {
			isa = PBXVariantGroup;
			children = (
				6CB590E423D0BEEB001016D4 /* Base */,
			);
			name = Main.storyboard;
			sourceTree = "<group>";
		};
		6CB590E823D0BEEE001016D4 /* LaunchScreen.storyboard */ = {
			isa = PBXVariantGroup;
			children = (
				6CB590E923D0BEEE001016D4 /* Base */,
			);
			name = LaunchScreen.storyboard;
			sourceTree = "<group>";
		};
/* End PBXVariantGroup section */

/* Begin XCBuildConfiguration section */
		6CB5910223D0BEEE001016D4 /* Debug */ = {
			isa = XCBuildConfiguration;
			buildSettings = {
				ALWAYS_SEARCH_USER_PATHS = NO;
				CLANG_ANALYZER_NONNULL = YES;
				CLANG_ANALYZER_NUMBER_OBJECT_CONVERSION = YES_AGGRESSIVE;
				CLANG_CXX_LANGUAGE_STANDARD = "gnu++14";
				CLANG_CXX_LIBRARY = "libc++";
				CLANG_ENABLE_MODULES = YES;
				CLANG_ENABLE_OBJC_ARC = YES;
				CLANG_ENABLE_OBJC_WEAK = YES;
				CLANG_WARN_BLOCK_CAPTURE_AUTORELEASING = YES;
				CLANG_WARN_BOOL_CONVERSION = YES;
				CLANG_WARN_COMMA = YES;
				CLANG_WARN_CONSTANT_CONVERSION = YES;
				CLANG_WARN_DEPRECATED_OBJC_IMPLEMENTATIONS = YES;
				CLANG_WARN_DIRECT_OBJC_ISA_USAGE = YES_ERROR;
				CLANG_WARN_DOCUMENTATION_COMMENTS = YES;
				CLANG_WARN_EMPTY_BODY = YES;
				CLANG_WARN_ENUM_CONVERSION = YES;
				CLANG_WARN_INFINITE_RECURSION = YES;
				CLANG_WARN_INT_CONVERSION = YES;
				CLANG_WARN_NON_LITERAL_NULL_CONVERSION = YES;
				CLANG_WARN_OBJC_IMPLICIT_RETAIN_SELF = YES;
				CLANG_WARN_OBJC_LITERAL_CONVERSION = YES;
				CLANG_WARN_OBJC_ROOT_CLASS = YES_ERROR;
				CLANG_WARN_RANGE_LOOP_ANALYSIS = YES;
				CLANG_WARN_STRICT_PROTOTYPES = YES;
				CLANG_WARN_SUSPICIOUS_MOVE = YES;
				CLANG_WARN_UNGUARDED_AVAILABILITY = YES_AGGRESSIVE;
				CLANG_WARN_UNREACHABLE_CODE = YES;
				CLANG_WARN__DUPLICATE_METHOD_MATCH = YES;
				COPY_PHASE_STRIP = NO;
				DEBUG_INFORMATION_FORMAT = dwarf;
				ENABLE_STRICT_OBJC_MSGSEND = YES;
				ENABLE_TESTABILITY = YES;
				GCC_C_LANGUAGE_STANDARD = gnu11;
				GCC_DYNAMIC_NO_PIC = NO;
				GCC_NO_COMMON_BLOCKS = YES;
				GCC_OPTIMIZATION_LEVEL = 0;
				GCC_PREPROCESSOR_DEFINITIONS = (
					"DEBUG=1",
					"$(inherited)",
				);
				GCC_WARN_64_TO_32_BIT_CONVERSION = YES;
				GCC_WARN_ABOUT_RETURN_TYPE = YES_ERROR;
				GCC_WARN_UNDECLARED_SELECTOR = YES;
				GCC_WARN_UNINITIALIZED_AUTOS = YES_AGGRESSIVE;
				GCC_WARN_UNUSED_FUNCTION = YES;
				GCC_WARN_UNUSED_VARIABLE = YES;
				IPHONEOS_DEPLOYMENT_TARGET = 13.2;
				MTL_ENABLE_DEBUG_INFO = INCLUDE_SOURCE;
				MTL_FAST_MATH = YES;
				ONLY_ACTIVE_ARCH = YES;
				SDKROOT = iphoneos;
				SWIFT_ACTIVE_COMPILATION_CONDITIONS = DEBUG;
				SWIFT_OPTIMIZATION_LEVEL = "-Onone";
			};
			name = Debug;
		};
		6CB5910323D0BEEE001016D4 /* Release */ = {
			isa = XCBuildConfiguration;
			buildSettings = {
				ALWAYS_SEARCH_USER_PATHS = NO;
				CLANG_ANALYZER_NONNULL = YES;
				CLANG_ANALYZER_NUMBER_OBJECT_CONVERSION = YES_AGGRESSIVE;
				CLANG_CXX_LANGUAGE_STANDARD = "gnu++14";
				CLANG_CXX_LIBRARY = "libc++";
				CLANG_ENABLE_MODULES = YES;
				CLANG_ENABLE_OBJC_ARC = YES;
				CLANG_ENABLE_OBJC_WEAK = YES;
				CLANG_WARN_BLOCK_CAPTURE_AUTORELEASING = YES;
				CLANG_WARN_BOOL_CONVERSION = YES;
				CLANG_WARN_COMMA = YES;
				CLANG_WARN_CONSTANT_CONVERSION = YES;
				CLANG_WARN_DEPRECATED_OBJC_IMPLEMENTATIONS = YES;
				CLANG_WARN_DIRECT_OBJC_ISA_USAGE = YES_ERROR;
				CLANG_WARN_DOCUMENTATION_COMMENTS = YES;
				CLANG_WARN_EMPTY_BODY = YES;
				CLANG_WARN_ENUM_CONVERSION = YES;
				CLANG_WARN_INFINITE_RECURSION = YES;
				CLANG_WARN_INT_CONVERSION = YES;
				CLANG_WARN_NON_LITERAL_NULL_CONVERSION = YES;
				CLANG_WARN_OBJC_IMPLICIT_RETAIN_SELF = YES;
				CLANG_WARN_OBJC_LITERAL_CONVERSION = YES;
				CLANG_WARN_OBJC_ROOT_CLASS = YES_ERROR;
				CLANG_WARN_RANGE_LOOP_ANALYSIS = YES;
				CLANG_WARN_STRICT_PROTOTYPES = YES;
				CLANG_WARN_SUSPICIOUS_MOVE = YES;
				CLANG_WARN_UNGUARDED_AVAILABILITY = YES_AGGRESSIVE;
				CLANG_WARN_UNREACHABLE_CODE = YES;
				CLANG_WARN__DUPLICATE_METHOD_MATCH = YES;
				COPY_PHASE_STRIP = NO;
				DEBUG_INFORMATION_FORMAT = "dwarf-with-dsym";
				ENABLE_NS_ASSERTIONS = NO;
				ENABLE_STRICT_OBJC_MSGSEND = YES;
				GCC_C_LANGUAGE_STANDARD = gnu11;
				GCC_NO_COMMON_BLOCKS = YES;
				GCC_WARN_64_TO_32_BIT_CONVERSION = YES;
				GCC_WARN_ABOUT_RETURN_TYPE = YES_ERROR;
				GCC_WARN_UNDECLARED_SELECTOR = YES;
				GCC_WARN_UNINITIALIZED_AUTOS = YES_AGGRESSIVE;
				GCC_WARN_UNUSED_FUNCTION = YES;
				GCC_WARN_UNUSED_VARIABLE = YES;
				IPHONEOS_DEPLOYMENT_TARGET = 13.2;
				MTL_ENABLE_DEBUG_INFO = NO;
				MTL_FAST_MATH = YES;
				SDKROOT = iphoneos;
				SWIFT_COMPILATION_MODE = wholemodule;
				SWIFT_OPTIMIZATION_LEVEL = "-O";
				VALIDATE_PRODUCT = YES;
			};
			name = Release;
		};
		6CB5910523D0BEEE001016D4 /* Debug */ = {
			isa = XCBuildConfiguration;
			buildSettings = {
				ASSETCATALOG_COMPILER_APPICON_NAME = AppIcon;
				CODE_SIGN_STYLE = Automatic;
				INFOPLIST_FILE = TipCalculator/Info.plist;
				LD_RUNPATH_SEARCH_PATHS = (
					"$(inherited)",
					"@executable_path/Frameworks",
				);
				PRODUCT_BUNDLE_IDENTIFIER = MALONHOLMES.TipCalculator;
				PRODUCT_NAME = "$(TARGET_NAME)";
				SWIFT_VERSION = 5.0;
				TARGETED_DEVICE_FAMILY = "1,2";
			};
			name = Debug;
		};
		6CB5910623D0BEEE001016D4 /* Release */ = {
			isa = XCBuildConfiguration;
			buildSettings = {
				ASSETCATALOG_COMPILER_APPICON_NAME = AppIcon;
				CODE_SIGN_STYLE = Automatic;
				INFOPLIST_FILE = TipCalculator/Info.plist;
				LD_RUNPATH_SEARCH_PATHS = (
					"$(inherited)",
					"@executable_path/Frameworks",
				);
				PRODUCT_BUNDLE_IDENTIFIER = MALONHOLMES.TipCalculator;
				PRODUCT_NAME = "$(TARGET_NAME)";
				SWIFT_VERSION = 5.0;
				TARGETED_DEVICE_FAMILY = "1,2";
			};
			name = Release;
		};
		6CB5910823D0BEEE001016D4 /* Debug */ = {
			isa = XCBuildConfiguration;
			buildSettings = {
				ALWAYS_EMBED_SWIFT_STANDARD_LIBRARIES = YES;
				BUNDLE_LOADER = "$(TEST_HOST)";
				CODE_SIGN_STYLE = Automatic;
				INFOPLIST_FILE = TipCalculatorTests/Info.plist;
				IPHONEOS_DEPLOYMENT_TARGET = 13.2;
				LD_RUNPATH_SEARCH_PATHS = (
					"$(inherited)",
					"@executable_path/Frameworks",
					"@loader_path/Frameworks",
				);
				PRODUCT_BUNDLE_IDENTIFIER = MALONHOLMES.TipCalculatorTests;
				PRODUCT_NAME = "$(TARGET_NAME)";
				SWIFT_VERSION = 5.0;
				TARGETED_DEVICE_FAMILY = "1,2";
				TEST_HOST = "$(BUILT_PRODUCTS_DIR)/TipCalculator.app/TipCalculator";
			};
			name = Debug;
		};
		6CB5910923D0BEEE001016D4 /* Release */ = {
			isa = XCBuildConfiguration;
			buildSettings = {
				ALWAYS_EMBED_SWIFT_STANDARD_LIBRARIES = YES;
				BUNDLE_LOADER = "$(TEST_HOST)";
				CODE_SIGN_STYLE = Automatic;
				INFOPLIST_FILE = TipCalculatorTests/Info.plist;
				IPHONEOS_DEPLOYMENT_TARGET = 13.2;
				LD_RUNPATH_SEARCH_PATHS = (
					"$(inherited)",
					"@executable_path/Frameworks",
					"@loader_path/Frameworks",
				);
				PRODUCT_BUNDLE_IDENTIFIER = MALONHOLMES.TipCalculatorTests;
				PRODUCT_NAME = "$(TARGET_NAME)";
				SWIFT_VERSION = 5.0;
				TARGETED_DEVICE_FAMILY = "1,2";
				TEST_HOST = "$(BUILT_PRODUCTS_DIR)/TipCalculator.app/TipCalculator";
			};
			name = Release;
		};
		6CB5910B23D0BEEE001016D4 /* Debug */ = {
			isa = XCBuildConfiguration;
			buildSettings = {
				ALWAYS_EMBED_SWIFT_STANDARD_LIBRARIES = YES;
				CODE_SIGN_STYLE = Automatic;
				INFOPLIST_FILE = TipCalculatorUITests/Info.plist;
				LD_RUNPATH_SEARCH_PATHS = (
					"$(inherited)",
					"@executable_path/Frameworks",
					"@loader_path/Frameworks",
				);
				PRODUCT_BUNDLE_IDENTIFIER = MALONHOLMES.TipCalculatorUITests;
				PRODUCT_NAME = "$(TARGET_NAME)";
				SWIFT_VERSION = 5.0;
				TARGETED_DEVICE_FAMILY = "1,2";
				TEST_TARGET_NAME = TipCalculator;
			};
			name = Debug;
		};
		6CB5910C23D0BEEE001016D4 /* Release */ = {
			isa = XCBuildConfiguration;
			buildSettings = {
				ALWAYS_EMBED_SWIFT_STANDARD_LIBRARIES = YES;
				CODE_SIGN_STYLE = Automatic;
				INFOPLIST_FILE = TipCalculatorUITests/Info.plist;
				LD_RUNPATH_SEARCH_PATHS = (
					"$(inherited)",
					"@executable_path/Frameworks",
					"@loader_path/Frameworks",
				);
				PRODUCT_BUNDLE_IDENTIFIER = MALONHOLMES.TipCalculatorUITests;
				PRODUCT_NAME = "$(TARGET_NAME)";
				SWIFT_VERSION = 5.0;
				TARGETED_DEVICE_FAMILY = "1,2";
				TEST_TARGET_NAME = TipCalculator;
			};
			name = Release;
		};
/* End XCBuildConfiguration section */

/* Begin XCConfigurationList section */
		6CB590D523D0BEEB001016D4 /* Build configuration list for PBXProject "TipCalculator" */ = {
			isa = XCConfigurationList;
			buildConfigurations = (
				6CB5910223D0BEEE001016D4 /* Debug */,
				6CB5910323D0BEEE001016D4 /* Release */,
			);
			defaultConfigurationIsVisible = 0;
			defaultConfigurationName = Release;
		};
		6CB5910423D0BEEE001016D4 /* Build configuration list for PBXNativeTarget "TipCalculator" */ = {
			isa = XCConfigurationList;
			buildConfigurations = (
				6CB5910523D0BEEE001016D4 /* Debug */,
				6CB5910623D0BEEE001016D4 /* Release */,
			);
			defaultConfigurationIsVisible = 0;
			defaultConfigurationName = Release;
		};
		6CB5910723D0BEEE001016D4 /* Build configuration list for PBXNativeTarget "TipCalculatorTests" */ = {
			isa = XCConfigurationList;
			buildConfigurations = (
				6CB5910823D0BEEE001016D4 /* Debug */,
				6CB5910923D0BEEE001016D4 /* Release */,
			);
			defaultConfigurationIsVisible = 0;
			defaultConfigurationName = Release;
		};
		6CB5910A23D0BEEE001016D4 /* Build configuration list for PBXNativeTarget "TipCalculatorUITests" */ = {
			isa = XCConfigurationList;
			buildConfigurations = (
				6CB5910B23D0BEEE001016D4 /* Debug */,
				6CB5910C23D0BEEE001016D4 /* Release */,
			);
			defaultConfigurationIsVisible = 0;
			defaultConfigurationName = Release;
		};
/* End XCConfigurationList section */
	};
	rootObject = 6CB590D223D0BEEB001016D4 /* Project object */;
}
